// !$*UTF8*$!
{
	archiveVersion = 1;
	classes = {
	};
	objectVersion = 46;
	objects = {

/* Begin PBXBuildFile section */
		7D06888A2159D5C400FFA64C /* main.c in Sources */ = {isa = PBXBuildFile; fileRef = 7D0688892159D5C400FFA64C /* main.c */; };
		7D0688922159D9CF00FFA64C /* str_list.c in Sources */ = {isa = PBXBuildFile; fileRef = 7D0688912159D9CF00FFA64C /* str_list.c */; };
		7D0688952159DEB300FFA64C /* get_path.c in Sources */ = {isa = PBXBuildFile; fileRef = 7D0688942159DEB300FFA64C /* get_path.c */; };
		7D0688982159E25100FFA64C /* which.c in Sources */ = {isa = PBXBuildFile; fileRef = 7D0688972159E25100FFA64C /* which.c */; };
		7D06889B2159E26400FFA64C /* where.c in Sources */ = {isa = PBXBuildFile; fileRef = 7D06889A2159E26400FFA64C /* where.c */; };
		7D0688B82160607800FFA64C /* alias.c in Sources */ = {isa = PBXBuildFile; fileRef = 7D06889C2160607800FFA64C /* alias.c */; };
		7D0688B92160607800FFA64C /* cd.c in Sources */ = {isa = PBXBuildFile; fileRef = 7D06889E2160607800FFA64C /* cd.c */; };
		7D0688BA2160607800FFA64C /* exit.c in Sources */ = {isa = PBXBuildFile; fileRef = 7D0688A02160607800FFA64C /* exit.c */; };
		7D0688BB2160607800FFA64C /* history.c in Sources */ = {isa = PBXBuildFile; fileRef = 7D0688A22160607800FFA64C /* history.c */; };
		7D0688BC2160607800FFA64C /* kill.c in Sources */ = {isa = PBXBuildFile; fileRef = 7D0688A42160607800FFA64C /* kill.c */; };
		7D0688BD2160607800FFA64C /* list.c in Sources */ = {isa = PBXBuildFile; fileRef = 7D0688A62160607800FFA64C /* list.c */; };
		7D0688BE2160607800FFA64C /* pid.c in Sources */ = {isa = PBXBuildFile; fileRef = 7D0688A82160607800FFA64C /* pid.c */; };
		7D0688BF2160607800FFA64C /* printenv.c in Sources */ = {isa = PBXBuildFile; fileRef = 7D0688AA2160607800FFA64C /* printenv.c */; };
		7D0688C02160607800FFA64C /* prompt.c in Sources */ = {isa = PBXBuildFile; fileRef = 7D0688AC2160607800FFA64C /* prompt.c */; };
		7D0688C12160607800FFA64C /* pwd.c in Sources */ = {isa = PBXBuildFile; fileRef = 7D0688AE2160607800FFA64C /* pwd.c */; };
		7D0688C22160607800FFA64C /* setenv.c in Sources */ = {isa = PBXBuildFile; fileRef = 7D0688B02160607800FFA64C /* setenv.c */; };
		7D0688C32160607800FFA64C /* shell.c in Sources */ = {isa = PBXBuildFile; fileRef = 7D0688B22160607800FFA64C /* shell.c */; };
		7D0688C42160607800FFA64C /* signal.c in Sources */ = {isa = PBXBuildFile; fileRef = 7D0688B42160607800FFA64C /* signal.c */; };
		7D0688C52160607800FFA64C /* utils.c in Sources */ = {isa = PBXBuildFile; fileRef = 7D0688B62160607800FFA64C /* utils.c */; };
/* End PBXBuildFile section */

/* Begin PBXCopyFilesBuildPhase section */
		7D0688842159D5C400FFA64C /* CopyFiles */ = {
			isa = PBXCopyFilesBuildPhase;
			buildActionMask = 2147483647;
			dstPath = /usr/share/man/man1/;
			dstSubfolderSpec = 0;
			files = (
			);
			runOnlyForDeploymentPostprocessing = 1;
		};
/* End PBXCopyFilesBuildPhase section */

/* Begin PBXFileReference section */
		7D0688862159D5C400FFA64C /* myshell */ = {isa = PBXFileReference; explicitFileType = "compiled.mach-o.executable"; includeInIndex = 0; path = myshell; sourceTree = BUILT_PRODUCTS_DIR; };
		7D0688892159D5C400FFA64C /* main.c */ = {isa = PBXFileReference; lastKnownFileType = sourcecode.c.c; path = main.c; sourceTree = "<group>"; };
		7D0688902159D9CF00FFA64C /* str_list.h */ = {isa = PBXFileReference; fileEncoding = 4; lastKnownFileType = sourcecode.c.h; path = str_list.h; sourceTree = "<group>"; };
		7D0688912159D9CF00FFA64C /* str_list.c */ = {isa = PBXFileReference; fileEncoding = 4; lastKnownFileType = sourcecode.c.c; path = str_list.c; sourceTree = "<group>"; };
		7D0688932159DEB300FFA64C /* get_path.h */ = {isa = PBXFileReference; fileEncoding = 4; lastKnownFileType = sourcecode.c.h; path = get_path.h; sourceTree = "<group>"; };
		7D0688942159DEB300FFA64C /* get_path.c */ = {isa = PBXFileReference; fileEncoding = 4; lastKnownFileType = sourcecode.c.c; path = get_path.c; sourceTree = "<group>"; };
		7D0688962159E25100FFA64C /* which.h */ = {isa = PBXFileReference; fileEncoding = 4; lastKnownFileType = sourcecode.c.h; path = which.h; sourceTree = "<group>"; };
		7D0688972159E25100FFA64C /* which.c */ = {isa = PBXFileReference; fileEncoding = 4; lastKnownFileType = sourcecode.c.c; path = which.c; sourceTree = "<group>"; };
		7D0688992159E26400FFA64C /* where.h */ = {isa = PBXFileReference; fileEncoding = 4; lastKnownFileType = sourcecode.c.h; path = where.h; sourceTree = "<group>"; };
		7D06889A2159E26400FFA64C /* where.c */ = {isa = PBXFileReference; fileEncoding = 4; lastKnownFileType = sourcecode.c.c; path = where.c; sourceTree = "<group>"; };
		7D06889C2160607800FFA64C /* alias.c */ = {isa = PBXFileReference; fileEncoding = 4; lastKnownFileType = sourcecode.c.c; path = alias.c; sourceTree = "<group>"; };
		7D06889D2160607800FFA64C /* alias.h */ = {isa = PBXFileReference; fileEncoding = 4; lastKnownFileType = sourcecode.c.h; path = alias.h; sourceTree = "<group>"; };
		7D06889E2160607800FFA64C /* cd.c */ = {isa = PBXFileReference; fileEncoding = 4; lastKnownFileType = sourcecode.c.c; path = cd.c; sourceTree = "<group>"; };
		7D06889F2160607800FFA64C /* cd.h */ = {isa = PBXFileReference; fileEncoding = 4; lastKnownFileType = sourcecode.c.h; path = cd.h; sourceTree = "<group>"; };
		7D0688A02160607800FFA64C /* exit.c */ = {isa = PBXFileReference; fileEncoding = 4; lastKnownFileType = sourcecode.c.c; path = exit.c; sourceTree = "<group>"; };
		7D0688A12160607800FFA64C /* exit.h */ = {isa = PBXFileReference; fileEncoding = 4; lastKnownFileType = sourcecode.c.h; path = exit.h; sourceTree = "<group>"; };
		7D0688A22160607800FFA64C /* history.c */ = {isa = PBXFileReference; fileEncoding = 4; lastKnownFileType = sourcecode.c.c; path = history.c; sourceTree = "<group>"; };
		7D0688A32160607800FFA64C /* history.h */ = {isa = PBXFileReference; fileEncoding = 4; lastKnownFileType = sourcecode.c.h; path = history.h; sourceTree = "<group>"; };
		7D0688A42160607800FFA64C /* kill.c */ = {isa = PBXFileReference; fileEncoding = 4; lastKnownFileType = sourcecode.c.c; path = kill.c; sourceTree = "<group>"; };
		7D0688A52160607800FFA64C /* kill.h */ = {isa = PBXFileReference; fileEncoding = 4; lastKnownFileType = sourcecode.c.h; path = kill.h; sourceTree = "<group>"; };
		7D0688A62160607800FFA64C /* list.c */ = {isa = PBXFileReference; fileEncoding = 4; lastKnownFileType = sourcecode.c.c; path = list.c; sourceTree = "<group>"; };
		7D0688A72160607800FFA64C /* list.h */ = {isa = PBXFileReference; fileEncoding = 4; lastKnownFileType = sourcecode.c.h; path = list.h; sourceTree = "<group>"; };
		7D0688A82160607800FFA64C /* pid.c */ = {isa = PBXFileReference; fileEncoding = 4; lastKnownFileType = sourcecode.c.c; path = pid.c; sourceTree = "<group>"; };
		7D0688A92160607800FFA64C /* pid.h */ = {isa = PBXFileReference; fileEncoding = 4; lastKnownFileType = sourcecode.c.h; path = pid.h; sourceTree = "<group>"; };
		7D0688AA2160607800FFA64C /* printenv.c */ = {isa = PBXFileReference; fileEncoding = 4; lastKnownFileType = sourcecode.c.c; path = printenv.c; sourceTree = "<group>"; };
		7D0688AB2160607800FFA64C /* printenv.h */ = {isa = PBXFileReference; fileEncoding = 4; lastKnownFileType = sourcecode.c.h; path = printenv.h; sourceTree = "<group>"; };
		7D0688AC2160607800FFA64C /* prompt.c */ = {isa = PBXFileReference; fileEncoding = 4; lastKnownFileType = sourcecode.c.c; path = prompt.c; sourceTree = "<group>"; };
		7D0688AD2160607800FFA64C /* prompt.h */ = {isa = PBXFileReference; fileEncoding = 4; lastKnownFileType = sourcecode.c.h; path = prompt.h; sourceTree = "<group>"; };
		7D0688AE2160607800FFA64C /* pwd.c */ = {isa = PBXFileReference; fileEncoding = 4; lastKnownFileType = sourcecode.c.c; path = pwd.c; sourceTree = "<group>"; };
		7D0688AF2160607800FFA64C /* pwd.h */ = {isa = PBXFileReference; fileEncoding = 4; lastKnownFileType = sourcecode.c.h; path = pwd.h; sourceTree = "<group>"; };
		7D0688B02160607800FFA64C /* setenv.c */ = {isa = PBXFileReference; fileEncoding = 4; lastKnownFileType = sourcecode.c.c; path = setenv.c; sourceTree = "<group>"; };
		7D0688B12160607800FFA64C /* setenv.h */ = {isa = PBXFileReference; fileEncoding = 4; lastKnownFileType = sourcecode.c.h; path = setenv.h; sourceTree = "<group>"; };
		7D0688B22160607800FFA64C /* shell.c */ = {isa = PBXFileReference; fileEncoding = 4; lastKnownFileType = sourcecode.c.c; path = shell.c; sourceTree = "<group>"; };
		7D0688B32160607800FFA64C /* shell.h */ = {isa = PBXFileReference; fileEncoding = 4; lastKnownFileType = sourcecode.c.h; path = shell.h; sourceTree = "<group>"; };
		7D0688B42160607800FFA64C /* signal.c */ = {isa = PBXFileReference; fileEncoding = 4; lastKnownFileType = sourcecode.c.c; path = signal.c; sourceTree = "<group>"; };
		7D0688B52160607800FFA64C /* signal.h */ = {isa = PBXFileReference; fileEncoding = 4; lastKnownFileType = sourcecode.c.h; path = signal.h; sourceTree = "<group>"; };
		7D0688B62160607800FFA64C /* utils.c */ = {isa = PBXFileReference; fileEncoding = 4; lastKnownFileType = sourcecode.c.c; path = utils.c; sourceTree = "<group>"; };
		7D0688B72160607800FFA64C /* utils.h */ = {isa = PBXFileReference; fileEncoding = 4; lastKnownFileType = sourcecode.c.h; path = utils.h; sourceTree = "<group>"; };
/* End PBXFileReference section */

/* Begin PBXFrameworksBuildPhase section */
		7D0688832159D5C400FFA64C /* Frameworks */ = {
			isa = PBXFrameworksBuildPhase;
			buildActionMask = 2147483647;
			files = (
			);
			runOnlyForDeploymentPostprocessing = 0;
		};
/* End PBXFrameworksBuildPhase section */

/* Begin PBXGroup section */
		7D06887D2159D5C400FFA64C = {
			isa = PBXGroup;
			children = (
				7D0688882159D5C400FFA64C /* myshell */,
				7D0688872159D5C400FFA64C /* Products */,
			);
			sourceTree = "<group>";
		};
		7D0688872159D5C400FFA64C /* Products */ = {
			isa = PBXGroup;
			children = (
				7D0688862159D5C400FFA64C /* myshell */,
			);
			name = Products;
			sourceTree = "<group>";
		};
		7D0688882159D5C400FFA64C /* myshell */ = {
			isa = PBXGroup;
			children = (
				7D06889C2160607800FFA64C /* alias.c */,
				7D06889D2160607800FFA64C /* alias.h */,
				7D06889E2160607800FFA64C /* cd.c */,
				7D06889F2160607800FFA64C /* cd.h */,
				7D0688A02160607800FFA64C /* exit.c */,
				7D0688A12160607800FFA64C /* exit.h */,
				7D0688A22160607800FFA64C /* history.c */,
				7D0688A32160607800FFA64C /* history.h */,
				7D0688A42160607800FFA64C /* kill.c */,
				7D0688A52160607800FFA64C /* kill.h */,
				7D0688A62160607800FFA64C /* list.c */,
				7D0688A72160607800FFA64C /* list.h */,
				7D0688A82160607800FFA64C /* pid.c */,
				7D0688A92160607800FFA64C /* pid.h */,
				7D0688AA2160607800FFA64C /* printenv.c */,
				7D0688AB2160607800FFA64C /* printenv.h */,
				7D0688AC2160607800FFA64C /* prompt.c */,
				7D0688AD2160607800FFA64C /* prompt.h */,
				7D0688AE2160607800FFA64C /* pwd.c */,
				7D0688AF2160607800FFA64C /* pwd.h */,
				7D0688B02160607800FFA64C /* setenv.c */,
				7D0688B12160607800FFA64C /* setenv.h */,
				7D0688B22160607800FFA64C /* shell.c */,
				7D0688B32160607800FFA64C /* shell.h */,
				7D0688B42160607800FFA64C /* signal.c */,
				7D0688B52160607800FFA64C /* signal.h */,
				7D0688B62160607800FFA64C /* utils.c */,
				7D0688B72160607800FFA64C /* utils.h */,
				7D0688892159D5C400FFA64C /* main.c */,
				7D0688902159D9CF00FFA64C /* str_list.h */,
				7D0688912159D9CF00FFA64C /* str_list.c */,
				7D0688932159DEB300FFA64C /* get_path.h */,
				7D0688942159DEB300FFA64C /* get_path.c */,
				7D0688962159E25100FFA64C /* which.h */,
				7D0688972159E25100FFA64C /* which.c */,
				7D0688992159E26400FFA64C /* where.h */,
				7D06889A2159E26400FFA64C /* where.c */,
			);
			path = myshell;
			sourceTree = "<group>";
		};
/* End PBXGroup section */

/* Begin PBXNativeTarget section */
		7D0688852159D5C400FFA64C /* myshell */ = {
			isa = PBXNativeTarget;
			buildConfigurationList = 7D06888D2159D5C400FFA64C /* Build configuration list for PBXNativeTarget "myshell" */;
			buildPhases = (
				7D0688822159D5C400FFA64C /* Sources */,
				7D0688832159D5C400FFA64C /* Frameworks */,
				7D0688842159D5C400FFA64C /* CopyFiles */,
			);
			buildRules = (
			);
			dependencies = (
			);
			name = myshell;
			productName = myshell;
			productReference = 7D0688862159D5C400FFA64C /* myshell */;
			productType = "com.apple.product-type.tool";
		};
/* End PBXNativeTarget section */

/* Begin PBXProject section */
		7D06887E2159D5C400FFA64C /* Project object */ = {
			isa = PBXProject;
			attributes = {
				LastUpgradeCheck = 0820;
				ORGANIZATIONNAME = "樊晔";
				TargetAttributes = {
					7D0688852159D5C400FFA64C = {
						CreatedOnToolsVersion = 8.2.1;
						ProvisioningStyle = Automatic;
					};
				};
			};
			buildConfigurationList = 7D0688812159D5C400FFA64C /* Build configuration list for PBXProject "myshell" */;
			compatibilityVersion = "Xcode 3.2";
			developmentRegion = English;
			hasScannedForEncodings = 0;
			knownRegions = (
				en,
			);
			mainGroup = 7D06887D2159D5C400FFA64C;
			productRefGroup = 7D0688872159D5C400FFA64C /* Products */;
			projectDirPath = "";
			projectRoot = "";
			targets = (
				7D0688852159D5C400FFA64C /* myshell */,
			);
		};
/* End PBXProject section */

/* Begin PBXSourcesBuildPhase section */
		7D0688822159D5C400FFA64C /* Sources */ = {
			isa = PBXSourcesBuildPhase;
			buildActionMask = 2147483647;
			files = (
				7D0688C12160607800FFA64C /* pwd.c in Sources */,
				7D0688B82160607800FFA64C /* alias.c in Sources */,
				7D0688BB2160607800FFA64C /* history.c in Sources */,
				7D0688C42160607800FFA64C /* signal.c in Sources */,
				7D0688BA2160607800FFA64C /* exit.c in Sources */,
				7D0688BE2160607800FFA64C /* pid.c in Sources */,
				7D06888A2159D5C400FFA64C /* main.c in Sources */,
				7D0688C02160607800FFA64C /* prompt.c in Sources */,
				7D0688922159D9CF00FFA64C /* str_list.c in Sources */,
				7D0688C32160607800FFA64C /* shell.c in Sources */,
				7D0688BF2160607800FFA64C /* printenv.c in Sources */,
				7D0688C52160607800FFA64C /* utils.c in Sources */,
				7D0688BC2160607800FFA64C /* kill.c in Sources */,
				7D0688952159DEB300FFA64C /* get_path.c in Sources */,
				7D0688B92160607800FFA64C /* cd.c in Sources */,
				7D0688BD2160607800FFA64C /* list.c in Sources */,
				7D06889B2159E26400FFA64C /* where.c in Sources */,
				7D0688C22160607800FFA64C /* setenv.c in Sources */,
				7D0688982159E25100FFA64C /* which.c in Sources */,
			);
			runOnlyForDeploymentPostprocessing = 0;
		};
/* End PBXSourcesBuildPhase section */

/* Begin XCBuildConfiguration section */
		7D06888B2159D5C400FFA64C /* Debug */ = {
			isa = XCBuildConfiguration;
			buildSettings = {
				ALWAYS_SEARCH_USER_PATHS = NO;
				CLANG_ANALYZER_NONNULL = YES;
				CLANG_CXX_LANGUAGE_STANDARD = "gnu++0x";
				CLANG_CXX_LIBRARY = "libc++";
				CLANG_ENABLE_MODULES = YES;
				CLANG_ENABLE_OBJC_ARC = YES;
				CLANG_WARN_BOOL_CONVERSION = YES;
				CLANG_WARN_CONSTANT_CONVERSION = YES;
				CLANG_WARN_DIRECT_OBJC_ISA_USAGE = YES_ERROR;
				CLANG_WARN_DOCUMENTATION_COMMENTS = YES;
				CLANG_WARN_EMPTY_BODY = YES;
				CLANG_WARN_ENUM_CONVERSION = YES;
				CLANG_WARN_INFINITE_RECURSION = YES;
				CLANG_WARN_INT_CONVERSION = YES;
				CLANG_WARN_OBJC_ROOT_CLASS = YES_ERROR;
				CLANG_WARN_SUSPICIOUS_MOVE = YES;
				CLANG_WARN_UNREACHABLE_CODE = YES;
				CLANG_WARN__DUPLICATE_METHOD_MATCH = YES;
				CODE_SIGN_IDENTITY = "-";
				COPY_PHASE_STRIP = NO;
				DEBUG_INFORMATION_FORMAT = dwarf;
				ENABLE_STRICT_OBJC_MSGSEND = YES;
				ENABLE_TESTABILITY = YES;
				GCC_C_LANGUAGE_STANDARD = gnu99;
				GCC_DYNAMIC_NO_PIC = NO;
				GCC_NO_COMMON_BLOCKS = YES;
				GCC_OPTIMIZATION_LEVEL = 0;
				GCC_PREPROCESSOR_DEFINITIONS = (
					"DEBUG=1",
					"$(inherited)",
				);
				GCC_WARN_64_TO_32_BIT_CONVERSION = YES;
				GCC_WARN_ABOUT_RETURN_TYPE = YES_ERROR;
				GCC_WARN_UNDECLARED_SELECTOR = YES;
				GCC_WARN_UNINITIALIZED_AUTOS = YES_AGGRESSIVE;
				GCC_WARN_UNUSED_FUNCTION = YES;
				GCC_WARN_UNUSED_VARIABLE = YES;
				MACOSX_DEPLOYMENT_TARGET = 10.13;
				MTL_ENABLE_DEBUG_INFO = YES;
				ONLY_ACTIVE_ARCH = YES;
				SDKROOT = macosx;
			};
			name = Debug;
		};
		7D06888C2159D5C400FFA64C /* Release */ = {
			isa = XCBuildConfiguration;
			buildSettings = {
				ALWAYS_SEARCH_USER_PATHS = NO;
				CLANG_ANALYZER_NONNULL = YES;
				CLANG_CXX_LANGUAGE_STANDARD = "gnu++0x";
				CLANG_CXX_LIBRARY = "libc++";
				CLANG_ENABLE_MODULES = YES;
				CLANG_ENABLE_OBJC_ARC = YES;
				CLANG_WARN_BOOL_CONVERSION = YES;
				CLANG_WARN_CONSTANT_CONVERSION = YES;
				CLANG_WARN_DIRECT_OBJC_ISA_USAGE = YES_ERROR;
				CLANG_WARN_DOCUMENTATION_COMMENTS = YES;
				CLANG_WARN_EMPTY_BODY = YES;
				CLANG_WARN_ENUM_CONVERSION = YES;
				CLANG_WARN_INFINITE_RECURSION = YES;
				CLANG_WARN_INT_CONVERSION = YES;
				CLANG_WARN_OBJC_ROOT_CLASS = YES_ERROR;
				CLANG_WARN_SUSPICIOUS_MOVE = YES;
				CLANG_WARN_UNREACHABLE_CODE = YES;
				CLANG_WARN__DUPLICATE_METHOD_MATCH = YES;
				CODE_SIGN_IDENTITY = "-";
				COPY_PHASE_STRIP = NO;
				DEBUG_INFORMATION_FORMAT = "dwarf-with-dsym";
				ENABLE_NS_ASSERTIONS = NO;
				ENABLE_STRICT_OBJC_MSGSEND = YES;
				GCC_C_LANGUAGE_STANDARD = gnu99;
				GCC_NO_COMMON_BLOCKS = YES;
				GCC_WARN_64_TO_32_BIT_CONVERSION = YES;
				GCC_WARN_ABOUT_RETURN_TYPE = YES_ERROR;
				GCC_WARN_UNDECLARED_SELECTOR = YES;
				GCC_WARN_UNINITIALIZED_AUTOS = YES_AGGRESSIVE;
				GCC_WARN_UNUSED_FUNCTION = YES;
				GCC_WARN_UNUSED_VARIABLE = YES;
				MACOSX_DEPLOYMENT_TARGET = 10.13;
				MTL_ENABLE_DEBUG_INFO = NO;
				SDKROOT = macosx;
			};
			name = Release;
		};
		7D06888E2159D5C400FFA64C /* Debug */ = {
			isa = XCBuildConfiguration;
			buildSettings = {
				PRODUCT_NAME = "$(TARGET_NAME)";
			};
			name = Debug;
		};
		7D06888F2159D5C400FFA64C /* Release */ = {
			isa = XCBuildConfiguration;
			buildSettings = {
				PRODUCT_NAME = "$(TARGET_NAME)";
			};
			name = Release;
		};
/* End XCBuildConfiguration section */

/* Begin XCConfigurationList section */
		7D0688812159D5C400FFA64C /* Build configuration list for PBXProject "myshell" */ = {
			isa = XCConfigurationList;
			buildConfigurations = (
				7D06888B2159D5C400FFA64C /* Debug */,
				7D06888C2159D5C400FFA64C /* Release */,
			);
			defaultConfigurationIsVisible = 0;
			defaultConfigurationName = Release;
		};
		7D06888D2159D5C400FFA64C /* Build configuration list for PBXNativeTarget "myshell" */ = {
			isa = XCConfigurationList;
			buildConfigurations = (
				7D06888E2159D5C400FFA64C /* Debug */,
				7D06888F2159D5C400FFA64C /* Release */,
			);
			defaultConfigurationIsVisible = 0;
			defaultConfigurationName = Release;
		};
/* End XCConfigurationList section */
	};
	rootObject = 7D06887E2159D5C400FFA64C /* Project object */;
}
